
Microsoft Visual Studio Solution File, Format Version 12.00
# Visual Studio Version 17
VisualStudioVersion = 17.1.32328.378
MinimumVisualStudioVersion = 10.0.40219.1
Project("{FAE04EC0-301F-11D3-BF4B-00C04F79EFBC}") = "FastMessageV2", "FastMessageV2\FastMessageV2.csproj", "{908B17E2-0264-437C-A0A2-15C41DBB0A41}"
EndProject
Global
	GlobalSection(SolutionConfigurationPlatforms) = preSolution
		Debug|Any CPU = Debug|Any CPU
		Release|Any CPU = Release|Any CPU
	EndGlobalSection
	GlobalSection(ProjectConfigurationPlatforms) = postSolution
		{908B17E2-0264-437C-A0A2-15C41DBB0A41}.Debug|Any CPU.ActiveCfg = Debug|Any CPU
		{908B17E2-0264-437C-A0A2-15C41DBB0A41}.Debug|Any CPU.Build.0 = Debug|Any CPU
		{908B17E2-0264-437C-A0A2-15C41DBB0A41}.Release|Any CPU.ActiveCfg = Release|Any CPU
		{908B17E2-0264-437C-A0A2-15C41DBB0A41}.Release|Any CPU.Build.0 = Release|Any CPU
	EndGlobalSection
	GlobalSection(SolutionProperties) = preSolution
		HideSolutionNode = FALSE
	EndGlobalSection
	GlobalSection(ExtensibilityGlobals) = postSolution
		SolutionGuid = {EABECD6B-E27A-438F-B41F-FE2423571468}
	EndGlobalSection
EndGlobal
